
Microsoft Visual Studio Solution File, Format Version 12.00
# Visual Studio Version 17
VisualStudioVersion = 17.14.36429.23
MinimumVisualStudioVersion = 10.0.40219.1
Project("{FAE04EC0-301F-11D3-BF4B-00C04F79EFBC}") = "HtriToExcel", "HtriToExcel\HtriToExcel.csproj", "{553AE71A-E0E5-4448-8C15-34B8A4E2BFA9}"
EndProject
Project("{FAE04EC0-301F-11D3-BF4B-00C04F79EFBC}") = "HtriToExcel.Api", "HtriToExcel.Api\HtriToExcel.Api.csproj", "{4E71A99D-A377-48C9-AF35-55A35A40F28F}"
EndProject
Project("{2150E333-8FDC-42A3-9474-1A3956D46DE8}") = "OtherFiles", "OtherFiles", "{02EA681E-C7D8-13C7-8484-4AC65E1B71E8}"
	ProjectSection(SolutionItems) = preProject
		.gitignore = .gitignore
		LICENSE = LICENSE
		README.md = README.md
	EndProjectSection
EndProject
Project("{FAE04EC0-301F-11D3-BF4B-00C04F79EFBC}") = "HtriToExcel.Model", "HtriToExcel.Model\HtriToExcel.Model.csproj", "{6ABD42B0-5F36-4AF9-B3E2-C9C6E5EB37DF}"
EndProject
Project("{FAE04EC0-301F-11D3-BF4B-00C04F79EFBC}") = "HtriToExcel.Core", "HtriToExcel.Core\HtriToExcel.Core.csproj", "{E8D518D4-A48E-466F-BFF3-57CBAF8A7513}"
EndProject
Project("{FAE04EC0-301F-11D3-BF4B-00C04F79EFBC}") = "HtriToExcel.Common", "HtriToExcel.Common\HtriToExcel.Common.csproj", "{16FD3DBA-ECBB-4591-B4E3-D20541002F3B}"
EndProject
Project("{FAE04EC0-301F-11D3-BF4B-00C04F79EFBC}") = "HtriToExcel.ApiTests", "HtriToExcel.ApiTests\HtriToExcel.ApiTests.csproj", "{55101D01-D30E-4DFF-B0E8-FDEF54A206FB}"
EndProject
Global
	GlobalSection(SolutionConfigurationPlatforms) = preSolution
		Debug|Any CPU = Debug|Any CPU
		Release|Any CPU = Release|Any CPU
	EndGlobalSection
	GlobalSection(ProjectConfigurationPlatforms) = postSolution
		{553AE71A-E0E5-4448-8C15-34B8A4E2BFA9}.Debug|Any CPU.ActiveCfg = Debug|Any CPU
		{553AE71A-E0E5-4448-8C15-34B8A4E2BFA9}.Debug|Any CPU.Build.0 = Debug|Any CPU
		{553AE71A-E0E5-4448-8C15-34B8A4E2BFA9}.Release|Any CPU.ActiveCfg = Release|Any CPU
		{553AE71A-E0E5-4448-8C15-34B8A4E2BFA9}.Release|Any CPU.Build.0 = Release|Any CPU
		{4E71A99D-A377-48C9-AF35-55A35A40F28F}.Debug|Any CPU.ActiveCfg = Debug|Any CPU
		{4E71A99D-A377-48C9-AF35-55A35A40F28F}.Debug|Any CPU.Build.0 = Debug|Any CPU
		{4E71A99D-A377-48C9-AF35-55A35A40F28F}.Release|Any CPU.ActiveCfg = Release|Any CPU
		{4E71A99D-A377-48C9-AF35-55A35A40F28F}.Release|Any CPU.Build.0 = Release|Any CPU
		{6ABD42B0-5F36-4AF9-B3E2-C9C6E5EB37DF}.Debug|Any CPU.ActiveCfg = Debug|Any CPU
		{6ABD42B0-5F36-4AF9-B3E2-C9C6E5EB37DF}.Debug|Any CPU.Build.0 = Debug|Any CPU
		{6ABD42B0-5F36-4AF9-B3E2-C9C6E5EB37DF}.Release|Any CPU.ActiveCfg = Release|Any CPU
		{6ABD42B0-5F36-4AF9-B3E2-C9C6E5EB37DF}.Release|Any CPU.Build.0 = Release|Any CPU
		{E8D518D4-A48E-466F-BFF3-57CBAF8A7513}.Debug|Any CPU.ActiveCfg = Debug|Any CPU
		{E8D518D4-A48E-466F-BFF3-57CBAF8A7513}.Debug|Any CPU.Build.0 = Debug|Any CPU
		{E8D518D4-A48E-466F-BFF3-57CBAF8A7513}.Release|Any CPU.ActiveCfg = Release|Any CPU
		{E8D518D4-A48E-466F-BFF3-57CBAF8A7513}.Release|Any CPU.Build.0 = Release|Any CPU
		{16FD3DBA-ECBB-4591-B4E3-D20541002F3B}.Debug|Any CPU.ActiveCfg = Debug|Any CPU
		{16FD3DBA-ECBB-4591-B4E3-D20541002F3B}.Debug|Any CPU.Build.0 = Debug|Any CPU
		{16FD3DBA-ECBB-4591-B4E3-D20541002F3B}.Release|Any CPU.ActiveCfg = Release|Any CPU
		{16FD3DBA-ECBB-4591-B4E3-D20541002F3B}.Release|Any CPU.Build.0 = Release|Any CPU
		{55101D01-D30E-4DFF-B0E8-FDEF54A206FB}.Debug|Any CPU.ActiveCfg = Debug|Any CPU
		{55101D01-D30E-4DFF-B0E8-FDEF54A206FB}.Debug|Any CPU.Build.0 = Debug|Any CPU
		{55101D01-D30E-4DFF-B0E8-FDEF54A206FB}.Release|Any CPU.ActiveCfg = Release|Any CPU
		{55101D01-D30E-4DFF-B0E8-FDEF54A206FB}.Release|Any CPU.Build.0 = Release|Any CPU
	EndGlobalSection
	GlobalSection(SolutionProperties) = preSolution
		HideSolutionNode = FALSE
	EndGlobalSection
	GlobalSection(ExtensibilityGlobals) = postSolution
		SolutionGuid = {070FF6CE-8269-47EC-B4AF-79EA7AEE6103}
	EndGlobalSection
EndGlobal
